// !$*UTF8*$!
{
	archiveVersion = 1;
	classes = {
	};
	objectVersion = 56;
	objects = {

/* Begin PBXBuildFile section */
		E41C2C562BDB725D00C7595D /* NC1App.swift in Sources */ = {isa = PBXBuildFile; fileRef = E41C2C552BDB725D00C7595D /* NC1App.swift */; };
		E41C2C582BDB725D00C7595D /* ContentView.swift in Sources */ = {isa = PBXBuildFile; fileRef = E41C2C572BDB725D00C7595D /* ContentView.swift */; };
		E41C2C5A2BDB725E00C7595D /* Assets.xcassets in Resources */ = {isa = PBXBuildFile; fileRef = E41C2C592BDB725E00C7595D /* Assets.xcassets */; };
		E41C2C5E2BDB725E00C7595D /* Preview Assets.xcassets in Resources */ = {isa = PBXBuildFile; fileRef = E41C2C5D2BDB725E00C7595D /* Preview Assets.xcassets */; };
		E41C2C652BDB72E800C7595D /* GoogleService-Info.plist in Resources */ = {isa = PBXBuildFile; fileRef = E41C2C642BDB72E800C7595D /* GoogleService-Info.plist */; };
		E41C2C682BDB735B00C7595D /* FirebaseAppCheck in Frameworks */ = {isa = PBXBuildFile; productRef = E41C2C672BDB735B00C7595D /* FirebaseAppCheck */; };
		E41C2C6A2BDB76E700C7595D /* FirebaseDatabase in Frameworks */ = {isa = PBXBuildFile; productRef = E41C2C692BDB76E700C7595D /* FirebaseDatabase */; };
		E41C2C6C2BDB76E700C7595D /* FirebaseMessaging in Frameworks */ = {isa = PBXBuildFile; productRef = E41C2C6B2BDB76E700C7595D /* FirebaseMessaging */; };
		E41C2C702BDB8AD500C7595D /* FirebaseServices.swift in Sources */ = {isa = PBXBuildFile; fileRef = E41C2C6F2BDB8AD500C7595D /* FirebaseServices.swift */; };
		E41C2C732BDB8D0B00C7595D /* QRCode in Frameworks */ = {isa = PBXBuildFile; productRef = E41C2C722BDB8D0B00C7595D /* QRCode */; };
		E41C2C762BDB8EE700C7595D /* QRScreenView.swift in Sources */ = {isa = PBXBuildFile; fileRef = E41C2C752BDB8EE700C7595D /* QRScreenView.swift */; };
		E41C2C782BDB96DE00C7595D /* QRScanScreenView.swift in Sources */ = {isa = PBXBuildFile; fileRef = E41C2C772BDB96DE00C7595D /* QRScanScreenView.swift */; };
		E41C2C7B2BDB970200C7595D /* ScannerViewController.swift in Sources */ = {isa = PBXBuildFile; fileRef = E41C2C7A2BDB970200C7595D /* ScannerViewController.swift */; };
		E41C2C802BDB9C9B00C7595D /* CodeScanner in Frameworks */ = {isa = PBXBuildFile; productRef = E41C2C7F2BDB9C9B00C7595D /* CodeScanner */; };
		E41C2C852BDF7E6200C7595D /* CoupleScreenView.swift in Sources */ = {isa = PBXBuildFile; fileRef = E41C2C822BDF7E6200C7595D /* CoupleScreenView.swift */; };
		E41C2C862BDF7E6200C7595D /* WaveAnimation.swift in Sources */ = {isa = PBXBuildFile; fileRef = E41C2C832BDF7E6200C7595D /* WaveAnimation.swift */; };
		E41C2C872BDF7E6200C7595D /* Background.swift in Sources */ = {isa = PBXBuildFile; fileRef = E41C2C842BDF7E6200C7595D /* Background.swift */; };
		E41C2C8B2BDF809D00C7595D /* HomeScreen.swift in Sources */ = {isa = PBXBuildFile; fileRef = E41C2C8A2BDF809D00C7595D /* HomeScreen.swift */; };
		E41C2C8D2BDF94CD00C7595D /* StressLevelBackground.swift in Sources */ = {isa = PBXBuildFile; fileRef = E41C2C8C2BDF94CD00C7595D /* StressLevelBackground.swift */; };
		E41C2C8F2BDFAD9B00C7595D /* HealthManager.swift in Sources */ = {isa = PBXBuildFile; fileRef = E41C2C8E2BDFAD9B00C7595D /* HealthManager.swift */; };
/* End PBXBuildFile section */

/* Begin PBXFileReference section */
		E41C2C522BDB725D00C7595D /* NC1.app */ = {isa = PBXFileReference; explicitFileType = wrapper.application; includeInIndex = 0; path = NC1.app; sourceTree = BUILT_PRODUCTS_DIR; };
		E41C2C552BDB725D00C7595D /* NC1App.swift */ = {isa = PBXFileReference; lastKnownFileType = sourcecode.swift; path = NC1App.swift; sourceTree = "<group>"; };
		E41C2C572BDB725D00C7595D /* ContentView.swift */ = {isa = PBXFileReference; lastKnownFileType = sourcecode.swift; path = ContentView.swift; sourceTree = "<group>"; };
		E41C2C592BDB725E00C7595D /* Assets.xcassets */ = {isa = PBXFileReference; lastKnownFileType = folder.assetcatalog; path = Assets.xcassets; sourceTree = "<group>"; };
		E41C2C5B2BDB725E00C7595D /* NC1.entitlements */ = {isa = PBXFileReference; lastKnownFileType = text.plist.entitlements; path = NC1.entitlements; sourceTree = "<group>"; };
		E41C2C5D2BDB725E00C7595D /* Preview Assets.xcassets */ = {isa = PBXFileReference; lastKnownFileType = folder.assetcatalog; path = "Preview Assets.xcassets"; sourceTree = "<group>"; };
		E41C2C642BDB72E800C7595D /* GoogleService-Info.plist */ = {isa = PBXFileReference; fileEncoding = 4; lastKnownFileType = text.plist.xml; path = "GoogleService-Info.plist"; sourceTree = "<group>"; };
		E41C2C6D2BDB7F8700C7595D /* Info.plist */ = {isa = PBXFileReference; lastKnownFileType = text.plist; path = Info.plist; sourceTree = "<group>"; };
		E41C2C6F2BDB8AD500C7595D /* FirebaseServices.swift */ = {isa = PBXFileReference; lastKnownFileType = sourcecode.swift; path = FirebaseServices.swift; sourceTree = "<group>"; };
		E41C2C752BDB8EE700C7595D /* QRScreenView.swift */ = {isa = PBXFileReference; lastKnownFileType = sourcecode.swift; path = QRScreenView.swift; sourceTree = "<group>"; };
		E41C2C772BDB96DE00C7595D /* QRScanScreenView.swift */ = {isa = PBXFileReference; lastKnownFileType = sourcecode.swift; path = QRScanScreenView.swift; sourceTree = "<group>"; };
		E41C2C7A2BDB970200C7595D /* ScannerViewController.swift */ = {isa = PBXFileReference; lastKnownFileType = sourcecode.swift; path = ScannerViewController.swift; sourceTree = "<group>"; };
		E41C2C822BDF7E6200C7595D /* CoupleScreenView.swift */ = {isa = PBXFileReference; fileEncoding = 4; lastKnownFileType = sourcecode.swift; path = CoupleScreenView.swift; sourceTree = "<group>"; };
		E41C2C832BDF7E6200C7595D /* WaveAnimation.swift */ = {isa = PBXFileReference; fileEncoding = 4; lastKnownFileType = sourcecode.swift; path = WaveAnimation.swift; sourceTree = "<group>"; };
		E41C2C842BDF7E6200C7595D /* Background.swift */ = {isa = PBXFileReference; fileEncoding = 4; lastKnownFileType = sourcecode.swift; path = Background.swift; sourceTree = "<group>"; };
		E41C2C8A2BDF809D00C7595D /* HomeScreen.swift */ = {isa = PBXFileReference; lastKnownFileType = sourcecode.swift; path = HomeScreen.swift; sourceTree = "<group>"; };
		E41C2C8C2BDF94CD00C7595D /* StressLevelBackground.swift */ = {isa = PBXFileReference; lastKnownFileType = sourcecode.swift; path = StressLevelBackground.swift; sourceTree = "<group>"; };
		E41C2C8E2BDFAD9B00C7595D /* HealthManager.swift */ = {isa = PBXFileReference; lastKnownFileType = sourcecode.swift; path = HealthManager.swift; sourceTree = "<group>"; };
/* End PBXFileReference section */

/* Begin PBXFrameworksBuildPhase section */
		E41C2C4F2BDB725D00C7595D /* Frameworks */ = {
			isa = PBXFrameworksBuildPhase;
			buildActionMask = 2147483647;
			files = (
				E41C2C732BDB8D0B00C7595D /* QRCode in Frameworks */,
				E41C2C802BDB9C9B00C7595D /* CodeScanner in Frameworks */,
				E41C2C6C2BDB76E700C7595D /* FirebaseMessaging in Frameworks */,
				E41C2C6A2BDB76E700C7595D /* FirebaseDatabase in Frameworks */,
				E41C2C682BDB735B00C7595D /* FirebaseAppCheck in Frameworks */,
			);
			runOnlyForDeploymentPostprocessing = 0;
		};
/* End PBXFrameworksBuildPhase section */

/* Begin PBXGroup section */
		E41C2C492BDB725D00C7595D = {
			isa = PBXGroup;
			children = (
				E41C2C542BDB725D00C7595D /* NC1 */,
				E41C2C532BDB725D00C7595D /* Products */,
			);
			sourceTree = "<group>";
		};
		E41C2C532BDB725D00C7595D /* Products */ = {
			isa = PBXGroup;
			children = (
				E41C2C522BDB725D00C7595D /* NC1.app */,
			);
			name = Products;
			sourceTree = "<group>";
		};
		E41C2C542BDB725D00C7595D /* NC1 */ = {
			isa = PBXGroup;
			children = (
				E41C2C812BDF7E4A00C7595D /* Views */,
				E41C2C792BDB96F400C7595D /* Controllers */,
				E41C2C742BDB8ECE00C7595D /* Screens */,
				E41C2C6E2BDB8AC900C7595D /* Services */,
				E41C2C6D2BDB7F8700C7595D /* Info.plist */,
				E41C2C642BDB72E800C7595D /* GoogleService-Info.plist */,
				E41C2C552BDB725D00C7595D /* NC1App.swift */,
				E41C2C572BDB725D00C7595D /* ContentView.swift */,
				E41C2C592BDB725E00C7595D /* Assets.xcassets */,
				E41C2C5B2BDB725E00C7595D /* NC1.entitlements */,
				E41C2C5C2BDB725E00C7595D /* Preview Content */,
			);
			path = NC1;
			sourceTree = "<group>";
		};
		E41C2C5C2BDB725E00C7595D /* Preview Content */ = {
			isa = PBXGroup;
			children = (
				E41C2C5D2BDB725E00C7595D /* Preview Assets.xcassets */,
			);
			path = "Preview Content";
			sourceTree = "<group>";
		};
		E41C2C6E2BDB8AC900C7595D /* Services */ = {
			isa = PBXGroup;
			children = (
				E41C2C6F2BDB8AD500C7595D /* FirebaseServices.swift */,
				E41C2C8E2BDFAD9B00C7595D /* HealthManager.swift */,
			);
			path = Services;
			sourceTree = "<group>";
		};
		E41C2C742BDB8ECE00C7595D /* Screens */ = {
			isa = PBXGroup;
			children = (
				E41C2C822BDF7E6200C7595D /* CoupleScreenView.swift */,
				E41C2C752BDB8EE700C7595D /* QRScreenView.swift */,
				E41C2C8A2BDF809D00C7595D /* HomeScreen.swift */,
				E41C2C772BDB96DE00C7595D /* QRScanScreenView.swift */,
			);
			path = Screens;
			sourceTree = "<group>";
		};
		E41C2C792BDB96F400C7595D /* Controllers */ = {
			isa = PBXGroup;
			children = (
				E41C2C7A2BDB970200C7595D /* ScannerViewController.swift */,
			);
			path = Controllers;
			sourceTree = "<group>";
		};
		E41C2C812BDF7E4A00C7595D /* Views */ = {
			isa = PBXGroup;
			children = (
				E41C2C842BDF7E6200C7595D /* Background.swift */,
				E41C2C832BDF7E6200C7595D /* WaveAnimation.swift */,
				E41C2C8C2BDF94CD00C7595D /* StressLevelBackground.swift */,
			);
			path = Views;
			sourceTree = "<group>";
		};
/* End PBXGroup section */

/* Begin PBXNativeTarget section */
		E41C2C512BDB725D00C7595D /* NC1 */ = {
			isa = PBXNativeTarget;
			buildConfigurationList = E41C2C612BDB725E00C7595D /* Build configuration list for PBXNativeTarget "NC1" */;
			buildPhases = (
				E41C2C4E2BDB725D00C7595D /* Sources */,
				E41C2C4F2BDB725D00C7595D /* Frameworks */,
				E41C2C502BDB725D00C7595D /* Resources */,
			);
			buildRules = (
			);
			dependencies = (
			);
			name = NC1;
			packageProductDependencies = (
				E41C2C672BDB735B00C7595D /* FirebaseAppCheck */,
				E41C2C692BDB76E700C7595D /* FirebaseDatabase */,
				E41C2C6B2BDB76E700C7595D /* FirebaseMessaging */,
				E41C2C722BDB8D0B00C7595D /* QRCode */,
				E41C2C7F2BDB9C9B00C7595D /* CodeScanner */,
			);
			productName = NC1;
			productReference = E41C2C522BDB725D00C7595D /* NC1.app */;
			productType = "com.apple.product-type.application";
		};
/* End PBXNativeTarget section */

/* Begin PBXProject section */
		E41C2C4A2BDB725D00C7595D /* Project object */ = {
			isa = PBXProject;
			attributes = {
				BuildIndependentTargetsInParallel = 1;
				LastSwiftUpdateCheck = 1530;
				LastUpgradeCheck = 1530;
				TargetAttributes = {
					E41C2C512BDB725D00C7595D = {
						CreatedOnToolsVersion = 15.3;
					};
				};
			};
			buildConfigurationList = E41C2C4D2BDB725D00C7595D /* Build configuration list for PBXProject "NC1" */;
			compatibilityVersion = "Xcode 14.0";
			developmentRegion = en;
			hasScannedForEncodings = 0;
			knownRegions = (
				en,
				Base,
			);
			mainGroup = E41C2C492BDB725D00C7595D;
			packageReferences = (
				E41C2C662BDB735B00C7595D /* XCRemoteSwiftPackageReference "firebase-ios-sdk" */,
				E41C2C712BDB8D0A00C7595D /* XCRemoteSwiftPackageReference "qrcode" */,
				E41C2C7E2BDB9C9B00C7595D /* XCRemoteSwiftPackageReference "CodeScanner" */,
			);
			productRefGroup = E41C2C532BDB725D00C7595D /* Products */;
			projectDirPath = "";
			projectRoot = "";
			targets = (
				E41C2C512BDB725D00C7595D /* NC1 */,
			);
		};
/* End PBXProject section */

/* Begin PBXResourcesBuildPhase section */
		E41C2C502BDB725D00C7595D /* Resources */ = {
			isa = PBXResourcesBuildPhase;
			buildActionMask = 2147483647;
			files = (
				E41C2C5E2BDB725E00C7595D /* Preview Assets.xcassets in Resources */,
				E41C2C5A2BDB725E00C7595D /* Assets.xcassets in Resources */,
				E41C2C652BDB72E800C7595D /* GoogleService-Info.plist in Resources */,
			);
			runOnlyForDeploymentPostprocessing = 0;
		};
/* End PBXResourcesBuildPhase section */

/* Begin PBXSourcesBuildPhase section */
		E41C2C4E2BDB725D00C7595D /* Sources */ = {
			isa = PBXSourcesBuildPhase;
			buildActionMask = 2147483647;
			files = (
				E41C2C582BDB725D00C7595D /* ContentView.swift in Sources */,
				E41C2C8D2BDF94CD00C7595D /* StressLevelBackground.swift in Sources */,
				E41C2C862BDF7E6200C7595D /* WaveAnimation.swift in Sources */,
				E41C2C7B2BDB970200C7595D /* ScannerViewController.swift in Sources */,
				E41C2C562BDB725D00C7595D /* NC1App.swift in Sources */,
				E41C2C702BDB8AD500C7595D /* FirebaseServices.swift in Sources */,
				E41C2C872BDF7E6200C7595D /* Background.swift in Sources */,
				E41C2C8F2BDFAD9B00C7595D /* HealthManager.swift in Sources */,
				E41C2C8B2BDF809D00C7595D /* HomeScreen.swift in Sources */,
				E41C2C782BDB96DE00C7595D /* QRScanScreenView.swift in Sources */,
				E41C2C852BDF7E6200C7595D /* CoupleScreenView.swift in Sources */,
				E41C2C762BDB8EE700C7595D /* QRScreenView.swift in Sources */,
			);
			runOnlyForDeploymentPostprocessing = 0;
		};
/* End PBXSourcesBuildPhase section */

/* Begin XCBuildConfiguration section */
		E41C2C5F2BDB725E00C7595D /* Debug */ = {
			isa = XCBuildConfiguration;
			buildSettings = {
				ALWAYS_SEARCH_USER_PATHS = NO;
				ASSETCATALOG_COMPILER_GENERATE_SWIFT_ASSET_SYMBOL_EXTENSIONS = YES;
				CLANG_ANALYZER_NONNULL = YES;
				CLANG_ANALYZER_NUMBER_OBJECT_CONVERSION = YES_AGGRESSIVE;
				CLANG_CXX_LANGUAGE_STANDARD = "gnu++20";
				CLANG_ENABLE_MODULES = YES;
				CLANG_ENABLE_OBJC_ARC = YES;
				CLANG_ENABLE_OBJC_WEAK = YES;
				CLANG_WARN_BLOCK_CAPTURE_AUTORELEASING = YES;
				CLANG_WARN_BOOL_CONVERSION = YES;
				CLANG_WARN_COMMA = YES;
				CLANG_WARN_CONSTANT_CONVERSION = YES;
				CLANG_WARN_DEPRECATED_OBJC_IMPLEMENTATIONS = YES;
				CLANG_WARN_DIRECT_OBJC_ISA_USAGE = YES_ERROR;
				CLANG_WARN_DOCUMENTATION_COMMENTS = YES;
				CLANG_WARN_EMPTY_BODY = YES;
				CLANG_WARN_ENUM_CONVERSION = YES;
				CLANG_WARN_INFINITE_RECURSION = YES;
				CLANG_WARN_INT_CONVERSION = YES;
				CLANG_WARN_NON_LITERAL_NULL_CONVERSION = YES;
				CLANG_WARN_OBJC_IMPLICIT_RETAIN_SELF = YES;
				CLANG_WARN_OBJC_LITERAL_CONVERSION = YES;
				CLANG_WARN_OBJC_ROOT_CLASS = YES_ERROR;
				CLANG_WARN_QUOTED_INCLUDE_IN_FRAMEWORK_HEADER = YES;
				CLANG_WARN_RANGE_LOOP_ANALYSIS = YES;
				CLANG_WARN_STRICT_PROTOTYPES = YES;
				CLANG_WARN_SUSPICIOUS_MOVE = YES;
				CLANG_WARN_UNGUARDED_AVAILABILITY = YES_AGGRESSIVE;
				CLANG_WARN_UNREACHABLE_CODE = YES;
				CLANG_WARN__DUPLICATE_METHOD_MATCH = YES;
				COPY_PHASE_STRIP = NO;
				DEBUG_INFORMATION_FORMAT = dwarf;
				ENABLE_STRICT_OBJC_MSGSEND = YES;
				ENABLE_TESTABILITY = YES;
				ENABLE_USER_SCRIPT_SANDBOXING = YES;
				GCC_C_LANGUAGE_STANDARD = gnu17;
				GCC_DYNAMIC_NO_PIC = NO;
				GCC_NO_COMMON_BLOCKS = YES;
				GCC_OPTIMIZATION_LEVEL = 0;
				GCC_PREPROCESSOR_DEFINITIONS = (
					"DEBUG=1",
					"$(inherited)",
				);
				GCC_WARN_64_TO_32_BIT_CONVERSION = YES;
				GCC_WARN_ABOUT_RETURN_TYPE = YES_ERROR;
				GCC_WARN_UNDECLARED_SELECTOR = YES;
				GCC_WARN_UNINITIALIZED_AUTOS = YES_AGGRESSIVE;
				GCC_WARN_UNUSED_FUNCTION = YES;
				GCC_WARN_UNUSED_VARIABLE = YES;
				LOCALIZATION_PREFERS_STRING_CATALOGS = YES;
				MTL_ENABLE_DEBUG_INFO = INCLUDE_SOURCE;
				MTL_FAST_MATH = YES;
				ONLY_ACTIVE_ARCH = YES;
				SWIFT_ACTIVE_COMPILATION_CONDITIONS = "DEBUG $(inherited)";
				SWIFT_OPTIMIZATION_LEVEL = "-Onone";
			};
			name = Debug;
		};
		E41C2C602BDB725E00C7595D /* Release */ = {
			isa = XCBuildConfiguration;
			buildSettings = {
				ALWAYS_SEARCH_USER_PATHS = NO;
				ASSETCATALOG_COMPILER_GENERATE_SWIFT_ASSET_SYMBOL_EXTENSIONS = YES;
				CLANG_ANALYZER_NONNULL = YES;
				CLANG_ANALYZER_NUMBER_OBJECT_CONVERSION = YES_AGGRESSIVE;
				CLANG_CXX_LANGUAGE_STANDARD = "gnu++20";
				CLANG_ENABLE_MODULES = YES;
				CLANG_ENABLE_OBJC_ARC = YES;
				CLANG_ENABLE_OBJC_WEAK = YES;
				CLANG_WARN_BLOCK_CAPTURE_AUTORELEASING = YES;
				CLANG_WARN_BOOL_CONVERSION = YES;
				CLANG_WARN_COMMA = YES;
				CLANG_WARN_CONSTANT_CONVERSION = YES;
				CLANG_WARN_DEPRECATED_OBJC_IMPLEMENTATIONS = YES;
				CLANG_WARN_DIRECT_OBJC_ISA_USAGE = YES_ERROR;
				CLANG_WARN_DOCUMENTATION_COMMENTS = YES;
				CLANG_WARN_EMPTY_BODY = YES;
				CLANG_WARN_ENUM_CONVERSION = YES;
				CLANG_WARN_INFINITE_RECURSION = YES;
				CLANG_WARN_INT_CONVERSION = YES;
				CLANG_WARN_NON_LITERAL_NULL_CONVERSION = YES;
				CLANG_WARN_OBJC_IMPLICIT_RETAIN_SELF = YES;
				CLANG_WARN_OBJC_LITERAL_CONVERSION = YES;
				CLANG_WARN_OBJC_ROOT_CLASS = YES_ERROR;
				CLANG_WARN_QUOTED_INCLUDE_IN_FRAMEWORK_HEADER = YES;
				CLANG_WARN_RANGE_LOOP_ANALYSIS = YES;
				CLANG_WARN_STRICT_PROTOTYPES = YES;
				CLANG_WARN_SUSPICIOUS_MOVE = YES;
				CLANG_WARN_UNGUARDED_AVAILABILITY = YES_AGGRESSIVE;
				CLANG_WARN_UNREACHABLE_CODE = YES;
				CLANG_WARN__DUPLICATE_METHOD_MATCH = YES;
				COPY_PHASE_STRIP = NO;
				DEBUG_INFORMATION_FORMAT = "dwarf-with-dsym";
				ENABLE_NS_ASSERTIONS = NO;
				ENABLE_STRICT_OBJC_MSGSEND = YES;
				ENABLE_USER_SCRIPT_SANDBOXING = YES;
				GCC_C_LANGUAGE_STANDARD = gnu17;
				GCC_NO_COMMON_BLOCKS = YES;
				GCC_WARN_64_TO_32_BIT_CONVERSION = YES;
				GCC_WARN_ABOUT_RETURN_TYPE = YES_ERROR;
				GCC_WARN_UNDECLARED_SELECTOR = YES;
				GCC_WARN_UNINITIALIZED_AUTOS = YES_AGGRESSIVE;
				GCC_WARN_UNUSED_FUNCTION = YES;
				GCC_WARN_UNUSED_VARIABLE = YES;
				LOCALIZATION_PREFERS_STRING_CATALOGS = YES;
				MTL_ENABLE_DEBUG_INFO = NO;
				MTL_FAST_MATH = YES;
				SWIFT_COMPILATION_MODE = wholemodule;
			};
			name = Release;
		};
		E41C2C622BDB725E00C7595D /* Debug */ = {
			isa = XCBuildConfiguration;
			buildSettings = {
				ASSETCATALOG_COMPILER_APPICON_NAME = AppIcon;
				ASSETCATALOG_COMPILER_GLOBAL_ACCENT_COLOR_NAME = AccentColor;
				CODE_SIGN_ENTITLEMENTS = NC1/NC1.entitlements;
				CODE_SIGN_STYLE = Automatic;
				CURRENT_PROJECT_VERSION = 1;
				DEVELOPMENT_ASSET_PATHS = "\"NC1/Preview Content\"";
				DEVELOPMENT_TEAM = TUQX899L59;
				ENABLE_HARDENED_RUNTIME = YES;
				ENABLE_PREVIEWS = YES;
				GENERATE_INFOPLIST_FILE = YES;
				INFOPLIST_FILE = NC1/Info.plist;
				INFOPLIST_KEY_NSCameraUsageDescription = "Your camera is used to pair with your partner";
				INFOPLIST_KEY_NSHealthShareUsageDescription = "Your heart rate is used to detect your stress levels";
				INFOPLIST_KEY_NSHealthUpdateUsageDescription = "Your heart rate is used to detect your stress levels";
				"INFOPLIST_KEY_UIApplicationSceneManifest_Generation[sdk=iphoneos*]" = YES;
				"INFOPLIST_KEY_UIApplicationSceneManifest_Generation[sdk=iphonesimulator*]" = YES;
				"INFOPLIST_KEY_UIApplicationSupportsIndirectInputEvents[sdk=iphoneos*]" = YES;
				"INFOPLIST_KEY_UIApplicationSupportsIndirectInputEvents[sdk=iphonesimulator*]" = YES;
				"INFOPLIST_KEY_UILaunchScreen_Generation[sdk=iphoneos*]" = YES;
				"INFOPLIST_KEY_UILaunchScreen_Generation[sdk=iphonesimulator*]" = YES;
				"INFOPLIST_KEY_UIStatusBarStyle[sdk=iphoneos*]" = UIStatusBarStyleDefault;
				"INFOPLIST_KEY_UIStatusBarStyle[sdk=iphonesimulator*]" = UIStatusBarStyleDefault;
				INFOPLIST_KEY_UISupportedInterfaceOrientations = UIInterfaceOrientationPortrait;
				IPHONEOS_DEPLOYMENT_TARGET = 17.4;
				LD_RUNPATH_SEARCH_PATHS = "@executable_path/Frameworks";
				"LD_RUNPATH_SEARCH_PATHS[sdk=macosx*]" = "@executable_path/../Frameworks";
				MACOSX_DEPLOYMENT_TARGET = 14.0;
				MARKETING_VERSION = 1.0;
				OTHER_LDFLAGS = "-ObjC";
				PRODUCT_BUNDLE_IDENTIFIER = com.voidfnc.NC1;
				PRODUCT_NAME = "$(TARGET_NAME)";
				SDKROOT = auto;
				SUPPORTED_PLATFORMS = "iphoneos iphonesimulator macosx";
				SWIFT_EMIT_LOC_STRINGS = YES;
				SWIFT_VERSION = 5.0;
				TARGETED_DEVICE_FAMILY = "1,2";
			};
			name = Debug;
		};
		E41C2C632BDB725E00C7595D /* Release */ = {
			isa = XCBuildConfiguration;
			buildSettings = {
				ASSETCATALOG_COMPILER_APPICON_NAME = AppIcon;
				ASSETCATALOG_COMPILER_GLOBAL_ACCENT_COLOR_NAME = AccentColor;
				CODE_SIGN_ENTITLEMENTS = NC1/NC1.entitlements;
				CODE_SIGN_STYLE = Automatic;
				CURRENT_PROJECT_VERSION = 1;
				DEVELOPMENT_ASSET_PATHS = "\"NC1/Preview Content\"";
				DEVELOPMENT_TEAM = TUQX899L59;
				ENABLE_HARDENED_RUNTIME = YES;
				ENABLE_PREVIEWS = YES;
				GENERATE_INFOPLIST_FILE = YES;
				INFOPLIST_FILE = NC1/Info.plist;
				INFOPLIST_KEY_NSCameraUsageDescription = "Your camera is used to pair with your partner";
				INFOPLIST_KEY_NSHealthShareUsageDescription = "Your heart rate is used to detect your stress levels";
				INFOPLIST_KEY_NSHealthUpdateUsageDescription = "Your heart rate is used to detect your stress levels";
				"INFOPLIST_KEY_UIApplicationSceneManifest_Generation[sdk=iphoneos*]" = YES;
				"INFOPLIST_KEY_UIApplicationSceneManifest_Generation[sdk=iphonesimulator*]" = YES;
				"INFOPLIST_KEY_UIApplicationSupportsIndirectInputEvents[sdk=iphoneos*]" = YES;
				"INFOPLIST_KEY_UIApplicationSupportsIndirectInputEvents[sdk=iphonesimulator*]" = YES;
				"INFOPLIST_KEY_UILaunchScreen_Generation[sdk=iphoneos*]" = YES;
				"INFOPLIST_KEY_UILaunchScreen_Generation[sdk=iphonesimulator*]" = YES;
				"INFOPLIST_KEY_UIStatusBarStyle[sdk=iphoneos*]" = UIStatusBarStyleDefault;
				"INFOPLIST_KEY_UIStatusBarStyle[sdk=iphonesimulator*]" = UIStatusBarStyleDefault;
				INFOPLIST_KEY_UISupportedInterfaceOrientations = UIInterfaceOrientationPortrait;
				IPHONEOS_DEPLOYMENT_TARGET = 17.4;
				LD_RUNPATH_SEARCH_PATHS = "@executable_path/Frameworks";
				"LD_RUNPATH_SEARCH_PATHS[sdk=macosx*]" = "@executable_path/../Frameworks";
				MACOSX_DEPLOYMENT_TARGET = 14.0;
				MARKETING_VERSION = 1.0;
				OTHER_LDFLAGS = "-ObjC";
				PRODUCT_BUNDLE_IDENTIFIER = com.voidfnc.NC1;
				PRODUCT_NAME = "$(TARGET_NAME)";
				SDKROOT = auto;
				SUPPORTED_PLATFORMS = "iphoneos iphonesimulator macosx";
				SWIFT_EMIT_LOC_STRINGS = YES;
				SWIFT_VERSION = 5.0;
				TARGETED_DEVICE_FAMILY = "1,2";
			};
			name = Release;
		};
/* End XCBuildConfiguration section */

/* Begin XCConfigurationList section */
		E41C2C4D2BDB725D00C7595D /* Build configuration list for PBXProject "NC1" */ = {
			isa = XCConfigurationList;
			buildConfigurations = (
				E41C2C5F2BDB725E00C7595D /* Debug */,
				E41C2C602BDB725E00C7595D /* Release */,
			);
			defaultConfigurationIsVisible = 0;
			defaultConfigurationName = Release;
		};
		E41C2C612BDB725E00C7595D /* Build configuration list for PBXNativeTarget "NC1" */ = {
			isa = XCConfigurationList;
			buildConfigurations = (
				E41C2C622BDB725E00C7595D /* Debug */,
				E41C2C632BDB725E00C7595D /* Release */,
			);
			defaultConfigurationIsVisible = 0;
			defaultConfigurationName = Release;
		};
/* End XCConfigurationList section */

/* Begin XCRemoteSwiftPackageReference section */
		E41C2C662BDB735B00C7595D /* XCRemoteSwiftPackageReference "firebase-ios-sdk" */ = {
			isa = XCRemoteSwiftPackageReference;
			repositoryURL = "https://github.com/firebase/firebase-ios-sdk";
			requirement = {
				kind = upToNextMajorVersion;
				minimumVersion = 10.24.0;
			};
		};
		E41C2C712BDB8D0A00C7595D /* XCRemoteSwiftPackageReference "qrcode" */ = {
			isa = XCRemoteSwiftPackageReference;
			repositoryURL = "https://github.com/dagronf/qrcode.git";
			requirement = {
				kind = upToNextMajorVersion;
				minimumVersion = 18.6.0;
			};
		};
		E41C2C7E2BDB9C9B00C7595D /* XCRemoteSwiftPackageReference "CodeScanner" */ = {
			isa = XCRemoteSwiftPackageReference;
			repositoryURL = "https://github.com/twostraws/CodeScanner";
			requirement = {
				kind = upToNextMajorVersion;
				minimumVersion = 2.4.1;
			};
		};
/* End XCRemoteSwiftPackageReference section */

/* Begin XCSwiftPackageProductDependency section */
		E41C2C672BDB735B00C7595D /* FirebaseAppCheck */ = {
			isa = XCSwiftPackageProductDependency;
			package = E41C2C662BDB735B00C7595D /* XCRemoteSwiftPackageReference "firebase-ios-sdk" */;
			productName = FirebaseAppCheck;
		};
		E41C2C692BDB76E700C7595D /* FirebaseDatabase */ = {
			isa = XCSwiftPackageProductDependency;
			package = E41C2C662BDB735B00C7595D /* XCRemoteSwiftPackageReference "firebase-ios-sdk" */;
			productName = FirebaseDatabase;
		};
		E41C2C6B2BDB76E700C7595D /* FirebaseMessaging */ = {
			isa = XCSwiftPackageProductDependency;
			package = E41C2C662BDB735B00C7595D /* XCRemoteSwiftPackageReference "firebase-ios-sdk" */;
			productName = FirebaseMessaging;
		};
		E41C2C722BDB8D0B00C7595D /* QRCode */ = {
			isa = XCSwiftPackageProductDependency;
			package = E41C2C712BDB8D0A00C7595D /* XCRemoteSwiftPackageReference "qrcode" */;
			productName = QRCode;
		};
		E41C2C7F2BDB9C9B00C7595D /* CodeScanner */ = {
			isa = XCSwiftPackageProductDependency;
			package = E41C2C7E2BDB9C9B00C7595D /* XCRemoteSwiftPackageReference "CodeScanner" */;
			productName = CodeScanner;
		};
/* End XCSwiftPackageProductDependency section */
	};
	rootObject = E41C2C4A2BDB725D00C7595D /* Project object */;
}
